<?xml version="1.0" encoding="utf-8"?>
<Project ToolsVersion="4.0" xmlns="http://schemas.microsoft.com/developer/msbuild/2003">
  <ItemGroup>
    <ClCompile Include="CRC32.c">
      <Filter>Source Files</Filter>
    </ClCompile>
    <ClCompile Include="Main.c">
      <Filter>Source Files</Filter>
    </ClCompile>
    <ClCompile Include="ManageFile.c">
      <Filter>Source Files</Filter>
    </ClCompile>
    <ClCompile Include="MiniFilterPort.c">
      <Filter>Source Files</Filter>
    </ClCompile>
    <ClCompile Include="MiniFilter.c">
      <Filter>Source Files</Filter>
    </ClCompile>
    <ClCompile Include="SettingsExtension.c">
      <Filter>Source Files</Filter>
    </ClCompile>
    <ClCompile Include="SettingsPath.c">
      <Filter>Source Files</Filter>
    </ClCompile>
    <ClCompile Include="Utility.c">
      <Filter>Source Files</Filter>
    </ClCompile>
    <ClCompile Include="SettingsGeneral.c">
      <Filter>Source Files</Filter>
    </ClCompile>
    <ClCompile Include="Protocol.c">
      <Filter>Source Files</Filter>
    </ClCompile>
  </ItemGroup>
  <ItemGroup>
    <ClInclude Include="CRC32.h">
      <Filter>Header Files</Filter>
    </ClInclude>
    <ClInclude Include="ManageFile.h">
      <Filter>Header Files</Filter>
    </ClInclude>
    <ClInclude Include="MiniFilterPort.h">
      <Filter>Header Files</Filter>
    </ClInclude>
    <ClInclude Include="Utility.h">
      <Filter>Header Files</Filter>
    </ClInclude>
    <ClInclude Include="MiniFIlter.h">
      <Filter>Header Files</Filter>
    </ClInclude>
    <ClInclude Include="SettingsExtension.h">
      <Filter>Header Files</Filter>
    </ClInclude>
    <ClInclude Include="SettingsPath.h">
      <Filter>Header Files</Filter>
    </ClInclude>
    <ClInclude Include="SettingsGeneral.h">
      <Filter>Header Files</Filter>
    </ClInclude>
    <ClInclude Include="Protocol.h">
      <Filter>Header Files</Filter>
    </ClInclude>
  </ItemGroup>
  <ItemGroup>
    <Filter Include="Driver Files">
      <UniqueIdentifier>{3c1fcd54-fd48-433a-b1e2-bc09f507e4ef}</UniqueIdentifier>
    </Filter>
    <Filter Include="Resource Files">
      <UniqueIdentifier>{4c7fef4e-e41e-46bc-b343-4a6986054708}</UniqueIdentifier>
    </Filter>
    <Filter Include="Source Files">
      <UniqueIdentifier>{4fc30a9f-ce6f-4a94-9719-b24a04a55738}</UniqueIdentifier>
    </Filter>
    <Filter Include="Header Files">
      <UniqueIdentifier>{a13dc571-3666-4c79-b039-ce0c32e832ad}</UniqueIdentifier>
    </Filter>
  </ItemGroup>
  <ItemGroup>
    <Inf Include="frtvkrnl.inf">
      <Filter>Driver Files</Filter>
    </Inf>
  </ItemGroup>
</Project>